
Microsoft Visual Studio Solution File, Format Version 12.00
# Visual Studio Version 16
VisualStudioVersion = 16.0.30204.135
MinimumVisualStudioVersion = 10.0.40219.1
Project("{9A19103F-16F7-4668-BE54-9A1E7A4F7556}") = "RealTournament", "RealTournament.csproj", "{4BBE1191-FEBC-4031-BDED-97654D4DC5C7}"
EndProject
Global
	GlobalSection(SolutionConfigurationPlatforms) = preSolution
		Debug|Any CPU = Debug|Any CPU
		Release|Any CPU = Release|Any CPU
	EndGlobalSection
	GlobalSection(ProjectConfigurationPlatforms) = postSolution
		{4BBE1191-FEBC-4031-BDED-97654D4DC5C7}.Debug|Any CPU.ActiveCfg = Debug|Any CPU
		{4BBE1191-FEBC-4031-BDED-97654D4DC5C7}.Debug|Any CPU.Build.0 = Debug|Any CPU
		{4BBE1191-FEBC-4031-BDED-97654D4DC5C7}.Release|Any CPU.ActiveCfg = Release|Any CPU
		{4BBE1191-FEBC-4031-BDED-97654D4DC5C7}.Release|Any CPU.Build.0 = Release|Any CPU
	EndGlobalSection
	GlobalSection(SolutionProperties) = preSolution
		HideSolutionNode = FALSE
	EndGlobalSection
	GlobalSection(ExtensibilityGlobals) = postSolution
		SolutionGuid = {F909053C-0839-4851-836C-CF572020571E}
	EndGlobalSection
EndGlobal
